{
  "name": "LexiLoom",
  "lockfileVersion": 3,
  "requires": true,
  "packages": {
    "": {
      "dependencies": {
        "encodings": "^1.0.0"
      }
    },
    "node_modules/encodings": {
      "version": "1.0.0",
      "resolved": "https://registry.npmjs.org/encodings/-/encodings-1.0.0.tgz",
      "integrity": "sha512-40cQBXxhPyP9gg1IX6HHORWGjkOilH9NCxyWmWPbdVEPj7wI5ow66bL0gf1s4jAUxLZdDX2RNA9+WYV2+ML13Q==",
      "dependencies": {
        "semver": "5.3.0"
      }
    },
    "node_modules/semver": {
      "version": "5.3.0",
      "resolved": "https://registry.npmjs.org/semver/-/semver-5.3.0.tgz",
      "integrity": "sha512-mfmm3/H9+67MCVix1h+IXTpDwL6710LyHuk7+cWC9T1mE0qz4iHhh6r4hU2wrIT9iTsAAC2XQRvfblL028cpLw==",
      "bin": {
        "semver": "bin/semver"
      }
    }
  }
}
